
Microsoft Visual Studio Solution File, Format Version 12.00
# Visual Studio Version 17
VisualStudioVersion = 17.7.34003.232
MinimumVisualStudioVersion = 10.0.40219.1
Project("{FAE04EC0-301F-11D3-BF4B-00C04F79EFBC}") = "FTP_CLIENT", "FTP_CLIENT\FTP_CLIENT.csproj", "{7AC6DCD9-238F-4520-97C1-4E9F06824B33}"
EndProject
Global
	GlobalSection(SolutionConfigurationPlatforms) = preSolution
		Debug|Any CPU = Debug|Any CPU
		Release|Any CPU = Release|Any CPU
	EndGlobalSection
	GlobalSection(ProjectConfigurationPlatforms) = postSolution
		{7AC6DCD9-238F-4520-97C1-4E9F06824B33}.Debug|Any CPU.ActiveCfg = Debug|Any CPU
		{7AC6DCD9-238F-4520-97C1-4E9F06824B33}.Debug|Any CPU.Build.0 = Debug|Any CPU
		{7AC6DCD9-238F-4520-97C1-4E9F06824B33}.Release|Any CPU.ActiveCfg = Release|Any CPU
		{7AC6DCD9-238F-4520-97C1-4E9F06824B33}.Release|Any CPU.Build.0 = Release|Any CPU
	EndGlobalSection
	GlobalSection(SolutionProperties) = preSolution
		HideSolutionNode = FALSE
	EndGlobalSection
	GlobalSection(ExtensibilityGlobals) = postSolution
		SolutionGuid = {28D15302-3850-46C3-8B48-546B73443605}
	EndGlobalSection
EndGlobal
